
Microsoft Visual Studio Solution File, Format Version 12.00
# Visual Studio 15
VisualStudioVersion = 15.0.27703.1
MinimumVisualStudioVersion = 10.0.40219.1
Project("{FAE04EC0-301F-11D3-BF4B-00C04F79EFBC}") = "InternetDownloader", "InternetDownloader\InternetDownloader.csproj", "{403A5D37-0171-476B-994D-12027E181DC9}"
EndProject
Project("{FAE04EC0-301F-11D3-BF4B-00C04F79EFBC}") = "GetWeb", "GetWeb\GetWeb.csproj", "{D4407371-5FEB-4E47-8749-55328BE072E3}"
EndProject
Project("{FAE04EC0-301F-11D3-BF4B-00C04F79EFBC}") = "LogProvider", "LogProvider\LogProvider.csproj", "{898170DD-DFC6-44E2-A13E-6F729C1AB012}"
EndProject
Project("{FAE04EC0-301F-11D3-BF4B-00C04F79EFBC}") = "LogAdapter", "LogAdapter\LogAdapter.csproj", "{2E3DE927-8522-439C-9FF7-4296CCE7B109}"
EndProject
Global
	GlobalSection(SolutionConfigurationPlatforms) = preSolution
		Debug|Any CPU = Debug|Any CPU
		Release|Any CPU = Release|Any CPU
	EndGlobalSection
	GlobalSection(ProjectConfigurationPlatforms) = postSolution
		{403A5D37-0171-476B-994D-12027E181DC9}.Debug|Any CPU.ActiveCfg = Debug|Any CPU
		{403A5D37-0171-476B-994D-12027E181DC9}.Debug|Any CPU.Build.0 = Debug|Any CPU
		{403A5D37-0171-476B-994D-12027E181DC9}.Release|Any CPU.ActiveCfg = Release|Any CPU
		{403A5D37-0171-476B-994D-12027E181DC9}.Release|Any CPU.Build.0 = Release|Any CPU
		{D4407371-5FEB-4E47-8749-55328BE072E3}.Debug|Any CPU.ActiveCfg = Debug|Any CPU
		{D4407371-5FEB-4E47-8749-55328BE072E3}.Debug|Any CPU.Build.0 = Debug|Any CPU
		{D4407371-5FEB-4E47-8749-55328BE072E3}.Release|Any CPU.ActiveCfg = Release|Any CPU
		{D4407371-5FEB-4E47-8749-55328BE072E3}.Release|Any CPU.Build.0 = Release|Any CPU
		{898170DD-DFC6-44E2-A13E-6F729C1AB012}.Debug|Any CPU.ActiveCfg = Debug|Any CPU
		{898170DD-DFC6-44E2-A13E-6F729C1AB012}.Debug|Any CPU.Build.0 = Debug|Any CPU
		{898170DD-DFC6-44E2-A13E-6F729C1AB012}.Release|Any CPU.ActiveCfg = Release|Any CPU
		{898170DD-DFC6-44E2-A13E-6F729C1AB012}.Release|Any CPU.Build.0 = Release|Any CPU
		{2E3DE927-8522-439C-9FF7-4296CCE7B109}.Debug|Any CPU.ActiveCfg = Debug|Any CPU
		{2E3DE927-8522-439C-9FF7-4296CCE7B109}.Debug|Any CPU.Build.0 = Debug|Any CPU
		{2E3DE927-8522-439C-9FF7-4296CCE7B109}.Release|Any CPU.ActiveCfg = Release|Any CPU
		{2E3DE927-8522-439C-9FF7-4296CCE7B109}.Release|Any CPU.Build.0 = Release|Any CPU
	EndGlobalSection
	GlobalSection(SolutionProperties) = preSolution
		HideSolutionNode = FALSE
	EndGlobalSection
	GlobalSection(ExtensibilityGlobals) = postSolution
		SolutionGuid = {3B6ED9B9-D32E-4C85-BD43-522BBF6949D5}
	EndGlobalSection
EndGlobal
